
Microsoft Visual Studio Solution File, Format Version 12.00
# Visual Studio Version 17
VisualStudioVersion = 17.5.33502.453
MinimumVisualStudioVersion = 10.0.40219.1
Project("{9A19103F-16F7-4668-BE54-9A1E7A4F7556}") = "LeadsFlowCrm", "LeadsFlowCrm\LeadsFlowCrm.csproj", "{DAB1C48E-097A-4719-9CDE-741EEEA753BC}"
EndProject
Project("{00D1A9C2-B5F0-4AF3-8072-F6C62B433612}") = "LeadsFlowDB", "LeadsFlowDB\LeadsFlowDB.sqlproj", "{AED68634-F61B-4D2C-919C-56E7B8639F8D}"
EndProject
Project("{9A19103F-16F7-4668-BE54-9A1E7A4F7556}") = "DataAccess", "DataAccess\DataAccess.csproj", "{6E06C920-983C-4365-AF98-A11C848B1AF1}"
EndProject
Project("{FAE04EC0-301F-11D3-BF4B-00C04F79EFBC}") = "LeadsFlowApiV2", "LeadsFlowApiV2\LeadsFlowApiV2.csproj", "{23739BD7-0C7F-4D34-B2C3-586089C5C3E2}"
	ProjectSection(ProjectDependencies) = postProject
		{6E06C920-983C-4365-AF98-A11C848B1AF1} = {6E06C920-983C-4365-AF98-A11C848B1AF1}
	EndProjectSection
EndProject
Global
	GlobalSection(SolutionConfigurationPlatforms) = preSolution
		Debug|Any CPU = Debug|Any CPU
		Release|Any CPU = Release|Any CPU
	EndGlobalSection
	GlobalSection(ProjectConfigurationPlatforms) = postSolution
		{DAB1C48E-097A-4719-9CDE-741EEEA753BC}.Debug|Any CPU.ActiveCfg = Debug|Any CPU
		{DAB1C48E-097A-4719-9CDE-741EEEA753BC}.Debug|Any CPU.Build.0 = Debug|Any CPU
		{DAB1C48E-097A-4719-9CDE-741EEEA753BC}.Release|Any CPU.ActiveCfg = Release|Any CPU
		{DAB1C48E-097A-4719-9CDE-741EEEA753BC}.Release|Any CPU.Build.0 = Release|Any CPU
		{AED68634-F61B-4D2C-919C-56E7B8639F8D}.Debug|Any CPU.ActiveCfg = Debug|Any CPU
		{AED68634-F61B-4D2C-919C-56E7B8639F8D}.Debug|Any CPU.Build.0 = Debug|Any CPU
		{AED68634-F61B-4D2C-919C-56E7B8639F8D}.Debug|Any CPU.Deploy.0 = Debug|Any CPU
		{AED68634-F61B-4D2C-919C-56E7B8639F8D}.Release|Any CPU.ActiveCfg = Release|Any CPU
		{AED68634-F61B-4D2C-919C-56E7B8639F8D}.Release|Any CPU.Build.0 = Release|Any CPU
		{AED68634-F61B-4D2C-919C-56E7B8639F8D}.Release|Any CPU.Deploy.0 = Release|Any CPU
		{6E06C920-983C-4365-AF98-A11C848B1AF1}.Debug|Any CPU.ActiveCfg = Debug|Any CPU
		{6E06C920-983C-4365-AF98-A11C848B1AF1}.Debug|Any CPU.Build.0 = Debug|Any CPU
		{6E06C920-983C-4365-AF98-A11C848B1AF1}.Release|Any CPU.ActiveCfg = Release|Any CPU
		{6E06C920-983C-4365-AF98-A11C848B1AF1}.Release|Any CPU.Build.0 = Release|Any CPU
		{23739BD7-0C7F-4D34-B2C3-586089C5C3E2}.Debug|Any CPU.ActiveCfg = Debug|Any CPU
		{23739BD7-0C7F-4D34-B2C3-586089C5C3E2}.Debug|Any CPU.Build.0 = Debug|Any CPU
		{23739BD7-0C7F-4D34-B2C3-586089C5C3E2}.Release|Any CPU.ActiveCfg = Release|Any CPU
		{23739BD7-0C7F-4D34-B2C3-586089C5C3E2}.Release|Any CPU.Build.0 = Release|Any CPU
	EndGlobalSection
	GlobalSection(SolutionProperties) = preSolution
		HideSolutionNode = FALSE
	EndGlobalSection
	GlobalSection(ExtensibilityGlobals) = postSolution
		SolutionGuid = {4905044C-1157-4E6E-A0F3-659A7E24940A}
	EndGlobalSection
EndGlobal
