
Microsoft Visual Studio Solution File, Format Version 12.00
# Visual Studio Version 17
VisualStudioVersion = 17.5.33502.453
MinimumVisualStudioVersion = 10.0.40219.1
Project("{9A19103F-16F7-4668-BE54-9A1E7A4F7556}") = "LeadsFlowCrm", "LeadsFlowCrm\LeadsFlowCrm.csproj", "{DAB1C48E-097A-4719-9CDE-741EEEA753BC}"
EndProject
Project("{00D1A9C2-B5F0-4AF3-8072-F6C62B433612}") = "LeadsFlowDB", "LeadsFlowDB\LeadsFlowDB.sqlproj", "{AED68634-F61B-4D2C-919C-56E7B8639F8D}"
EndProject
Project("{FAE04EC0-301F-11D3-BF4B-00C04F79EFBC}") = "LeadsFlowAPI", "LeadsFlowAPI\LeadsFlowAPI.csproj", "{9C17000C-8277-460F-9A42-3735F00C257B}"
EndProject
Global
	GlobalSection(SolutionConfigurationPlatforms) = preSolution
		Debug|Any CPU = Debug|Any CPU
		Release|Any CPU = Release|Any CPU
	EndGlobalSection
	GlobalSection(ProjectConfigurationPlatforms) = postSolution
		{DAB1C48E-097A-4719-9CDE-741EEEA753BC}.Debug|Any CPU.ActiveCfg = Debug|Any CPU
		{DAB1C48E-097A-4719-9CDE-741EEEA753BC}.Debug|Any CPU.Build.0 = Debug|Any CPU
		{DAB1C48E-097A-4719-9CDE-741EEEA753BC}.Release|Any CPU.ActiveCfg = Release|Any CPU
		{DAB1C48E-097A-4719-9CDE-741EEEA753BC}.Release|Any CPU.Build.0 = Release|Any CPU
		{AED68634-F61B-4D2C-919C-56E7B8639F8D}.Debug|Any CPU.ActiveCfg = Debug|Any CPU
		{AED68634-F61B-4D2C-919C-56E7B8639F8D}.Debug|Any CPU.Build.0 = Debug|Any CPU
		{AED68634-F61B-4D2C-919C-56E7B8639F8D}.Debug|Any CPU.Deploy.0 = Debug|Any CPU
		{AED68634-F61B-4D2C-919C-56E7B8639F8D}.Release|Any CPU.ActiveCfg = Release|Any CPU
		{AED68634-F61B-4D2C-919C-56E7B8639F8D}.Release|Any CPU.Build.0 = Release|Any CPU
		{AED68634-F61B-4D2C-919C-56E7B8639F8D}.Release|Any CPU.Deploy.0 = Release|Any CPU
		{9C17000C-8277-460F-9A42-3735F00C257B}.Debug|Any CPU.ActiveCfg = Debug|Any CPU
		{9C17000C-8277-460F-9A42-3735F00C257B}.Debug|Any CPU.Build.0 = Debug|Any CPU
		{9C17000C-8277-460F-9A42-3735F00C257B}.Release|Any CPU.ActiveCfg = Release|Any CPU
		{9C17000C-8277-460F-9A42-3735F00C257B}.Release|Any CPU.Build.0 = Release|Any CPU
	EndGlobalSection
	GlobalSection(SolutionProperties) = preSolution
		HideSolutionNode = FALSE
	EndGlobalSection
	GlobalSection(ExtensibilityGlobals) = postSolution
		SolutionGuid = {4905044C-1157-4E6E-A0F3-659A7E24940A}
	EndGlobalSection
EndGlobal
